
Microsoft Visual Studio Solution File, Format Version 12.00
# Visual Studio 2013
VisualStudioVersion = 12.0.40629.0
MinimumVisualStudioVersion = 10.0.40219.1
Project("{FAE04EC0-301F-11D3-BF4B-00C04F79EFBC}") = "Crosswalk .NET Extensions Template", "Crosswalk .NET Extensions Template\Crosswalk .NET Extensions Template.csproj", "{F7191E72-DF40-4587-A18F-EBBFFD16766E}"
EndProject
Project("{FAE04EC0-301F-11D3-BF4B-00C04F79EFBC}") = "Crosswalk .NET Extensions Template Installer", "Crosswalk .NET Extensions Template Installer\Crosswalk .NET Extensions Template Installer.csproj", "{392BD22F-D1E4-462E-961A-90441A93ECF1}"
EndProject
Global
	GlobalSection(SolutionConfigurationPlatforms) = preSolution
		Debug|Any CPU = Debug|Any CPU
		Release|Any CPU = Release|Any CPU
	EndGlobalSection
	GlobalSection(ProjectConfigurationPlatforms) = postSolution
		{F7191E72-DF40-4587-A18F-EBBFFD16766E}.Debug|Any CPU.ActiveCfg = Debug|Any CPU
		{F7191E72-DF40-4587-A18F-EBBFFD16766E}.Debug|Any CPU.Build.0 = Debug|Any CPU
		{F7191E72-DF40-4587-A18F-EBBFFD16766E}.Release|Any CPU.ActiveCfg = Release|Any CPU
		{F7191E72-DF40-4587-A18F-EBBFFD16766E}.Release|Any CPU.Build.0 = Release|Any CPU
		{392BD22F-D1E4-462E-961A-90441A93ECF1}.Debug|Any CPU.ActiveCfg = Debug|Any CPU
		{392BD22F-D1E4-462E-961A-90441A93ECF1}.Debug|Any CPU.Build.0 = Debug|Any CPU
		{392BD22F-D1E4-462E-961A-90441A93ECF1}.Release|Any CPU.ActiveCfg = Release|Any CPU
		{392BD22F-D1E4-462E-961A-90441A93ECF1}.Release|Any CPU.Build.0 = Release|Any CPU
	EndGlobalSection
	GlobalSection(SolutionProperties) = preSolution
		HideSolutionNode = FALSE
	EndGlobalSection
EndGlobal
